<?xml version="1.0" encoding="UTF-8" standalone="yes" ?>
<CodeBlocks_project_file>
	<FileVersion major="1" minor="6" />
	<Project>
		<Option title="calculate_distances" />
		<Option pch_mode="2" />
		<Option compiler="gcc" />
		<Build>
			<Target title="Release">
				<Option output="bin/Release/calculate_distances" prefix_auto="1" extension_auto="1" />
				<Option object_output="obj/Release/" />
				<Option type="1" />
				<Option compiler="gcc" />
				<Compiler>
					<Add option="-O2" />
					<Add option="-std=c++11" />
					<Add option="-pthread" />
				</Compiler>
				<Linker>
					<Add option="-s" />
				</Linker>
			</Target>
		</Build>
		<Compiler>
			<Add option="-Wall" />
		</Compiler>
		<Unit filename="calculate_distances.cpp" />
		<Unit filename="common.cpp" />
		<Unit filename="common.h" />
		<Unit filename="geodesic_algorithm_base.h" />
		<Unit filename="geodesic_algorithm_dijkstra.h" />
		<Unit filename="geodesic_algorithm_dijkstra_alternative.h" />
		<Unit filename="geodesic_algorithm_exact.h" />
		<Unit filename="geodesic_algorithm_exact_elements.h" />
		<Unit filename="geodesic_algorithm_graph_base.h" />
		<Unit filename="geodesic_algorithm_subdivision.h" />
		<Unit filename="geodesic_constants_and_simple_functions.h" />
		<Unit filename="geodesic_memory.h" />
		<Unit filename="geodesic_mesh.h" />
		<Unit filename="geodesic_mesh_elements.h" />
		<Extensions>
			<code_completion />
			<debugger />
		</Extensions>
	</Project>
</CodeBlocks_project_file>
